
Microsoft Visual Studio Solution File, Format Version 12.00
# Visual Studio Version 16
VisualStudioVersion = 16.0.31702.278
MinimumVisualStudioVersion = 10.0.40219.1
Project("{FAE04EC0-301F-11D3-BF4B-00C04F79EFBC}") = "WpfAppLab5Sem4Course2", "WpfAppLab5Sem4Course2\WpfAppLab5Sem4Course2.csproj", "{C6C4D8B6-0338-4616-B808-130D157991C0}"
EndProject
Global
	GlobalSection(SolutionConfigurationPlatforms) = preSolution
		Debug|Any CPU = Debug|Any CPU
		Release|Any CPU = Release|Any CPU
	EndGlobalSection
	GlobalSection(ProjectConfigurationPlatforms) = postSolution
		{C6C4D8B6-0338-4616-B808-130D157991C0}.Debug|Any CPU.ActiveCfg = Debug|Any CPU
		{C6C4D8B6-0338-4616-B808-130D157991C0}.Debug|Any CPU.Build.0 = Debug|Any CPU
		{C6C4D8B6-0338-4616-B808-130D157991C0}.Release|Any CPU.ActiveCfg = Release|Any CPU
		{C6C4D8B6-0338-4616-B808-130D157991C0}.Release|Any CPU.Build.0 = Release|Any CPU
	EndGlobalSection
	GlobalSection(SolutionProperties) = preSolution
		HideSolutionNode = FALSE
	EndGlobalSection
	GlobalSection(ExtensibilityGlobals) = postSolution
		SolutionGuid = {2F88E344-C5EC-42F8-936F-A64D0717AE19}
	EndGlobalSection
EndGlobal
